
Microsoft Visual Studio Solution File, Format Version 12.00
# Visual Studio Version 17
VisualStudioVersion = 17.3.32929.385
MinimumVisualStudioVersion = 10.0.40219.1
Project("{9A19103F-16F7-4668-BE54-9A1E7A4F7556}") = "Student", "Student\Student.csproj", "{BEA372F8-F33A-4628-B0AE-B0DE7E20C826}"
EndProject
Project("{9A19103F-16F7-4668-BE54-9A1E7A4F7556}") = "Employee", "Employee\Employee.csproj", "{777D2FE7-DBE7-4EAD-8681-3D50A337A056}"
EndProject
Global
	GlobalSection(SolutionConfigurationPlatforms) = preSolution
		Debug|Any CPU = Debug|Any CPU
		Release|Any CPU = Release|Any CPU
	EndGlobalSection
	GlobalSection(ProjectConfigurationPlatforms) = postSolution
		{BEA372F8-F33A-4628-B0AE-B0DE7E20C826}.Debug|Any CPU.ActiveCfg = Debug|Any CPU
		{BEA372F8-F33A-4628-B0AE-B0DE7E20C826}.Debug|Any CPU.Build.0 = Debug|Any CPU
		{BEA372F8-F33A-4628-B0AE-B0DE7E20C826}.Release|Any CPU.ActiveCfg = Release|Any CPU
		{BEA372F8-F33A-4628-B0AE-B0DE7E20C826}.Release|Any CPU.Build.0 = Release|Any CPU
		{777D2FE7-DBE7-4EAD-8681-3D50A337A056}.Debug|Any CPU.ActiveCfg = Debug|Any CPU
		{777D2FE7-DBE7-4EAD-8681-3D50A337A056}.Debug|Any CPU.Build.0 = Debug|Any CPU
		{777D2FE7-DBE7-4EAD-8681-3D50A337A056}.Release|Any CPU.ActiveCfg = Release|Any CPU
		{777D2FE7-DBE7-4EAD-8681-3D50A337A056}.Release|Any CPU.Build.0 = Release|Any CPU
	EndGlobalSection
	GlobalSection(SolutionProperties) = preSolution
		HideSolutionNode = FALSE
	EndGlobalSection
	GlobalSection(ExtensibilityGlobals) = postSolution
		SolutionGuid = {05FEFEEE-409F-4179-9A0E-39C6FA26DB48}
	EndGlobalSection
EndGlobal
